{
  "name": "rough_iptc",
  "version": "0.0.4",
  "lockfileVersion": 2,
  "requires": true,
  "packages": {
    "": {
      "name": "rough_iptc",
      "version": "0.0.4",
      "license": "MIT",
      "dependencies": {
        "@deno/shim-crypto": "~0.3.1",
        "textencoder-ponyfill": "1.0.2"
      },
      "devDependencies": {
        "@types/node": "16.11.37"
      }
    },
    "node_modules/@deno/shim-crypto": {
      "version": "0.3.1",
      "resolved": "https://registry.npmjs.org/@deno/shim-crypto/-/shim-crypto-0.3.1.tgz",
      "integrity": "sha512-ed4pNnfur6UbASEgF34gVxR9p7Mc3qF+Ygbmjiil8ws5IhNFhPDFy5vE5hQAUA9JmVsSxXPcVLM5Rf8LOZqQ5Q=="
    },
    "node_modules/@types/node": {
      "version": "16.11.37",
      "resolved": "https://registry.npmjs.org/@types/node/-/node-16.11.37.tgz",
      "integrity": "sha512-U8+EA3a23YkBLKQFE9rxFw4A2YWFttRyQ15mz+dMsXiAo9zbdizFndBMz1aLpV2k7M+syncZy/cady/9pC3sPg==",
      "dev": true
    },
    "node_modules/textencoder-ponyfill": {
      "version": "1.0.2",
      "resolved": "https://registry.npmjs.org/textencoder-ponyfill/-/textencoder-ponyfill-1.0.2.tgz",
      "integrity": "sha512-FlvSZBOKJk0mp8qOmnsoKuuuIHz4Vx8IghUgzbZSNSrYKENBvrBlOMsqdo2Qpg3sg9Kz90d7mOh1qzl3Hyr0pA==",
      "engines": {
        "node": ">= 16.5.0"
      }
    }
  },
  "dependencies": {
    "@deno/shim-crypto": {
      "version": "0.3.1",
      "resolved": "https://registry.npmjs.org/@deno/shim-crypto/-/shim-crypto-0.3.1.tgz",
      "integrity": "sha512-ed4pNnfur6UbASEgF34gVxR9p7Mc3qF+Ygbmjiil8ws5IhNFhPDFy5vE5hQAUA9JmVsSxXPcVLM5Rf8LOZqQ5Q=="
    },
    "@types/node": {
      "version": "16.11.37",
      "resolved": "https://registry.npmjs.org/@types/node/-/node-16.11.37.tgz",
      "integrity": "sha512-U8+EA3a23YkBLKQFE9rxFw4A2YWFttRyQ15mz+dMsXiAo9zbdizFndBMz1aLpV2k7M+syncZy/cady/9pC3sPg==",
      "dev": true
    },
    "textencoder-ponyfill": {
      "version": "1.0.2",
      "resolved": "https://registry.npmjs.org/textencoder-ponyfill/-/textencoder-ponyfill-1.0.2.tgz",
      "integrity": "sha512-FlvSZBOKJk0mp8qOmnsoKuuuIHz4Vx8IghUgzbZSNSrYKENBvrBlOMsqdo2Qpg3sg9Kz90d7mOh1qzl3Hyr0pA=="
    }
  }
}
